// !$*UTF8*$!
{
	archiveVersion = 1;
	classes = {
	};
	objectVersion = 77;
	objects = {

/* Begin PBXContainerItemProxy section */
		C46EDF1F2DA5A8BC00FFF394 /* PBXContainerItemProxy */ = {
			isa = PBXContainerItemProxy;
			containerPortal = C46EDF002DA5A8B700FFF394 /* Project object */;
			proxyType = 1;
			remoteGlobalIDString = C46EDF072DA5A8B700FFF394;
			remoteInfo = HW_1;
		};
		C46EDF292DA5A8BC00FFF394 /* PBXContainerItemProxy */ = {
			isa = PBXContainerItemProxy;
			containerPortal = C46EDF002DA5A8B700FFF394 /* Project object */;
			proxyType = 1;
			remoteGlobalIDString = C46EDF072DA5A8B700FFF394;
			remoteInfo = HW_1;
		};
/* End PBXContainerItemProxy section */

/* Begin PBXFileReference section */
		C46EDF082DA5A8B700FFF394 /* HW_1.app */ = {isa = PBXFileReference; explicitFileType = wrapper.application; includeInIndex = 0; path = HW_1.app; sourceTree = BUILT_PRODUCTS_DIR; };
		C46EDF1E2DA5A8BC00FFF394 /* HW_1Tests.xctest */ = {isa = PBXFileReference; explicitFileType = wrapper.cfbundle; includeInIndex = 0; path = HW_1Tests.xctest; sourceTree = BUILT_PRODUCTS_DIR; };
		C46EDF282DA5A8BC00FFF394 /* HW_1UITests.xctest */ = {isa = PBXFileReference; explicitFileType = wrapper.cfbundle; includeInIndex = 0; path = HW_1UITests.xctest; sourceTree = BUILT_PRODUCTS_DIR; };
/* End PBXFileReference section */

/* Begin PBXFileSystemSynchronizedBuildFileExceptionSet section */
		C46EDF302DA5A8BC00FFF394 /* Exceptions for "HW_1" folder in "HW_1" target */ = {
			isa = PBXFileSystemSynchronizedBuildFileExceptionSet;
			membershipExceptions = (
				Info.plist,
			);
			target = C46EDF072DA5A8B700FFF394 /* HW_1 */;
		};
/* End PBXFileSystemSynchronizedBuildFileExceptionSet section */

/* Begin PBXFileSystemSynchronizedRootGroup section */
		C46EDF0A2DA5A8B700FFF394 /* HW_1 */ = {
			isa = PBXFileSystemSynchronizedRootGroup;
			exceptions = (
				C46EDF302DA5A8BC00FFF394 /* Exceptions for "HW_1" folder in "HW_1" target */,
			);
			path = HW_1;
			sourceTree = "<group>";
		};
		C46EDF212DA5A8BC00FFF394 /* HW_1Tests */ = {
			isa = PBXFileSystemSynchronizedRootGroup;
			path = HW_1Tests;
			sourceTree = "<group>";
		};
		C46EDF2B2DA5A8BC00FFF394 /* HW_1UITests */ = {
			isa = PBXFileSystemSynchronizedRootGroup;
			path = HW_1UITests;
			sourceTree = "<group>";
		};
/* End PBXFileSystemSynchronizedRootGroup section */

/* Begin PBXFrameworksBuildPhase section */
		C46EDF052DA5A8B700FFF394 /* Frameworks */ = {
			isa = PBXFrameworksBuildPhase;
			buildActionMask = 2147483647;
			files = (
			);
			runOnlyForDeploymentPostprocessing = 0;
		};
		C46EDF1B2DA5A8BC00FFF394 /* Frameworks */ = {
			isa = PBXFrameworksBuildPhase;
			buildActionMask = 2147483647;
			files = (
			);
			runOnlyForDeploymentPostprocessing = 0;
		};
		C46EDF252DA5A8BC00FFF394 /* Frameworks */ = {
			isa = PBXFrameworksBuildPhase;
			buildActionMask = 2147483647;
			files = (
			);
			runOnlyForDeploymentPostprocessing = 0;
		};
/* End PBXFrameworksBuildPhase section */

/* Begin PBXGroup section */
		C46EDEFF2DA5A8B700FFF394 = {
			isa = PBXGroup;
			children = (
				C46EDF0A2DA5A8B700FFF394 /* HW_1 */,
				C46EDF212DA5A8BC00FFF394 /* HW_1Tests */,
				C46EDF2B2DA5A8BC00FFF394 /* HW_1UITests */,
				C46EDF092DA5A8B700FFF394 /* Products */,
			);
			sourceTree = "<group>";
		};
		C46EDF092DA5A8B700FFF394 /* Products */ = {
			isa = PBXGroup;
			children = (
				C46EDF082DA5A8B700FFF394 /* HW_1.app */,
				C46EDF1E2DA5A8BC00FFF394 /* HW_1Tests.xctest */,
				C46EDF282DA5A8BC00FFF394 /* HW_1UITests.xctest */,
			);
			name = Products;
			sourceTree = "<group>";
		};
/* End PBXGroup section */

/* Begin PBXNativeTarget section */
		C46EDF072DA5A8B700FFF394 /* HW_1 */ = {
			isa = PBXNativeTarget;
			buildConfigurationList = C46EDF312DA5A8BC00FFF394 /* Build configuration list for PBXNativeTarget "HW_1" */;
			buildPhases = (
				C46EDF042DA5A8B700FFF394 /* Sources */,
				C46EDF052DA5A8B700FFF394 /* Frameworks */,
				C46EDF062DA5A8B700FFF394 /* Resources */,
			);
			buildRules = (
			);
			dependencies = (
			);
			fileSystemSynchronizedGroups = (
				C46EDF0A2DA5A8B700FFF394 /* HW_1 */,
			);
			name = HW_1;
			packageProductDependencies = (
			);
			productName = HW_1;
			productReference = C46EDF082DA5A8B700FFF394 /* HW_1.app */;
			productType = "com.apple.product-type.application";
		};
		C46EDF1D2DA5A8BC00FFF394 /* HW_1Tests */ = {
			isa = PBXNativeTarget;
			buildConfigurationList = C46EDF362DA5A8BC00FFF394 /* Build configuration list for PBXNativeTarget "HW_1Tests" */;
			buildPhases = (
				C46EDF1A2DA5A8BC00FFF394 /* Sources */,
				C46EDF1B2DA5A8BC00FFF394 /* Frameworks */,
				C46EDF1C2DA5A8BC00FFF394 /* Resources */,
			);
			buildRules = (
			);
			dependencies = (
				C46EDF202DA5A8BC00FFF394 /* PBXTargetDependency */,
			);
			fileSystemSynchronizedGroups = (
				C46EDF212DA5A8BC00FFF394 /* HW_1Tests */,
			);
			name = HW_1Tests;
			packageProductDependencies = (
			);
			productName = HW_1Tests;
			productReference = C46EDF1E2DA5A8BC00FFF394 /* HW_1Tests.xctest */;
			productType = "com.apple.product-type.bundle.unit-test";
		};
		C46EDF272DA5A8BC00FFF394 /* HW_1UITests */ = {
			isa = PBXNativeTarget;
			buildConfigurationList = C46EDF392DA5A8BC00FFF394 /* Build configuration list for PBXNativeTarget "HW_1UITests" */;
			buildPhases = (
				C46EDF242DA5A8BC00FFF394 /* Sources */,
				C46EDF252DA5A8BC00FFF394 /* Frameworks */,
				C46EDF262DA5A8BC00FFF394 /* Resources */,
			);
			buildRules = (
			);
			dependencies = (
				C46EDF2A2DA5A8BC00FFF394 /* PBXTargetDependency */,
			);
			fileSystemSynchronizedGroups = (
				C46EDF2B2DA5A8BC00FFF394 /* HW_1UITests */,
			);
			name = HW_1UITests;
			packageProductDependencies = (
			);
			productName = HW_1UITests;
			productReference = C46EDF282DA5A8BC00FFF394 /* HW_1UITests.xctest */;
			productType = "com.apple.product-type.bundle.ui-testing";
		};
/* End PBXNativeTarget section */

/* Begin PBXProject section */
		C46EDF002DA5A8B700FFF394 /* Project object */ = {
			isa = PBXProject;
			attributes = {
				BuildIndependentTargetsInParallel = 1;
				LastSwiftUpdateCheck = 1620;
				LastUpgradeCheck = 1620;
				TargetAttributes = {
					C46EDF072DA5A8B700FFF394 = {
						CreatedOnToolsVersion = 16.2;
					};
					C46EDF1D2DA5A8BC00FFF394 = {
						CreatedOnToolsVersion = 16.2;
						TestTargetID = C46EDF072DA5A8B700FFF394;
					};
					C46EDF272DA5A8BC00FFF394 = {
						CreatedOnToolsVersion = 16.2;
						TestTargetID = C46EDF072DA5A8B700FFF394;
					};
				};
			};
			buildConfigurationList = C46EDF032DA5A8B700FFF394 /* Build configuration list for PBXProject "HW_1" */;
			developmentRegion = en;
			hasScannedForEncodings = 0;
			knownRegions = (
				en,
				Base,
			);
			mainGroup = C46EDEFF2DA5A8B700FFF394;
			minimizedProjectReferenceProxies = 1;
			preferredProjectObjectVersion = 77;
			productRefGroup = C46EDF092DA5A8B700FFF394 /* Products */;
			projectDirPath = "";
			projectRoot = "";
			targets = (
				C46EDF072DA5A8B700FFF394 /* HW_1 */,
				C46EDF1D2DA5A8BC00FFF394 /* HW_1Tests */,
				C46EDF272DA5A8BC00FFF394 /* HW_1UITests */,
			);
		};
/* End PBXProject section */

/* Begin PBXResourcesBuildPhase section */
		C46EDF062DA5A8B700FFF394 /* Resources */ = {
			isa = PBXResourcesBuildPhase;
			buildActionMask = 2147483647;
			files = (
			);
			runOnlyForDeploymentPostprocessing = 0;
		};
		C46EDF1C2DA5A8BC00FFF394 /* Resources */ = {
			isa = PBXResourcesBuildPhase;
			buildActionMask = 2147483647;
			files = (
			);
			runOnlyForDeploymentPostprocessing = 0;
		};
		C46EDF262DA5A8BC00FFF394 /* Resources */ = {
			isa = PBXResourcesBuildPhase;
			buildActionMask = 2147483647;
			files = (
			);
			runOnlyForDeploymentPostprocessing = 0;
		};
/* End PBXResourcesBuildPhase section */

/* Begin PBXSourcesBuildPhase section */
		C46EDF042DA5A8B700FFF394 /* Sources */ = {
			isa = PBXSourcesBuildPhase;
			buildActionMask = 2147483647;
			files = (
			);
			runOnlyForDeploymentPostprocessing = 0;
		};
		C46EDF1A2DA5A8BC00FFF394 /* Sources */ = {
			isa = PBXSourcesBuildPhase;
			buildActionMask = 2147483647;
			files = (
			);
			runOnlyForDeploymentPostprocessing = 0;
		};
		C46EDF242DA5A8BC00FFF394 /* Sources */ = {
			isa = PBXSourcesBuildPhase;
			buildActionMask = 2147483647;
			files = (
			);
			runOnlyForDeploymentPostprocessing = 0;
		};
/* End PBXSourcesBuildPhase section */

/* Begin PBXTargetDependency section */
		C46EDF202DA5A8BC00FFF394 /* PBXTargetDependency */ = {
			isa = PBXTargetDependency;
			target = C46EDF072DA5A8B700FFF394 /* HW_1 */;
			targetProxy = C46EDF1F2DA5A8BC00FFF394 /* PBXContainerItemProxy */;
		};
		C46EDF2A2DA5A8BC00FFF394 /* PBXTargetDependency */ = {
			isa = PBXTargetDependency;
			target = C46EDF072DA5A8B700FFF394 /* HW_1 */;
			targetProxy = C46EDF292DA5A8BC00FFF394 /* PBXContainerItemProxy */;
		};
/* End PBXTargetDependency section */

/* Begin XCBuildConfiguration section */
		C46EDF322DA5A8BC00FFF394 /* Debug */ = {
			isa = XCBuildConfiguration;
			buildSettings = {
				ASSETCATALOG_COMPILER_APPICON_NAME = AppIcon;
				ASSETCATALOG_COMPILER_GLOBAL_ACCENT_COLOR_NAME = AccentColor;
				CODE_SIGN_STYLE = Automatic;
				CURRENT_PROJECT_VERSION = 1;
				GENERATE_INFOPLIST_FILE = YES;
				INFOPLIST_FILE = HW_1/Info.plist;
				INFOPLIST_KEY_UIApplicationSupportsIndirectInputEvents = YES;
				INFOPLIST_KEY_UILaunchStoryboardName = LaunchScreen;
				INFOPLIST_KEY_UIMainStoryboardFile = Main;
				INFOPLIST_KEY_UISupportedInterfaceOrientations_iPad = "UIInterfaceOrientationPortrait UIInterfaceOrientationPortraitUpsideDown UIInterfaceOrientationLandscapeLeft UIInterfaceOrientationLandscapeRight";
				INFOPLIST_KEY_UISupportedInterfaceOrientations_iPhone = "UIInterfaceOrientationPortrait UIInterfaceOrientationLandscapeLeft UIInterfaceOrientationLandscapeRight";
				LD_RUNPATH_SEARCH_PATHS = (
					"$(inherited)",
					"@executable_path/Frameworks",
				);
				MARKETING_VERSION = 1.0;
				PRODUCT_BUNDLE_IDENTIFIER = "kkathir1.HW-1";
				PRODUCT_NAME = "$(TARGET_NAME)";
				SWIFT_EMIT_LOC_STRINGS = YES;
				SWIFT_VERSION = 5.0;
				TARGETED_DEVICE_FAMILY = "1,2";
			};
			name = Debug;
		};
		C46EDF332DA5A8BC00FFF394 /* Release */ = {
			isa = XCBuildConfiguration;
			buildSettings = {
				ASSETCATALOG_COMPILER_APPICON_NAME = AppIcon;
				ASSETCATALOG_COMPILER_GLOBAL_ACCENT_COLOR_NAME = AccentColor;
				CODE_SIGN_STYLE = Automatic;
				CURRENT_PROJECT_VERSION = 1;
				GENERATE_INFOPLIST_FILE = YES;
				INFOPLIST_FILE = HW_1/Info.plist;
				INFOPLIST_KEY_UIApplicationSupportsIndirectInputEvents = YES;
				INFOPLIST_KEY_UILaunchStoryboardName = LaunchScreen;
				INFOPLIST_KEY_UIMainStoryboardFile = Main;
				INFOPLIST_KEY_UISupportedInterfaceOrientations_iPad = "UIInterfaceOrientationPortrait UIInterfaceOrientationPortraitUpsideDown UIInterfaceOrientationLandscapeLeft UIInterfaceOrientationLandscapeRight";
				INFOPLIST_KEY_UISupportedInterfaceOrientations_iPhone = "UIInterfaceOrientationPortrait UIInterfaceOrientationLandscapeLeft UIInterfaceOrientationLandscapeRight";
				LD_RUNPATH_SEARCH_PATHS = (
					"$(inherited)",
					"@executable_path/Frameworks",
				);
				MARKETING_VERSION = 1.0;
				PRODUCT_BUNDLE_IDENTIFIER = "kkathir1.HW-1";
				PRODUCT_NAME = "$(TARGET_NAME)";
				SWIFT_EMIT_LOC_STRINGS = YES;
				SWIFT_VERSION = 5.0;
				TARGETED_DEVICE_FAMILY = "1,2";
			};
			name = Release;
		};
		C46EDF342DA5A8BC00FFF394 /* Debug */ = {
			isa = XCBuildConfiguration;
			buildSettings = {
				ALWAYS_SEARCH_USER_PATHS = NO;
				ASSETCATALOG_COMPILER_GENERATE_SWIFT_ASSET_SYMBOL_EXTENSIONS = YES;
				CLANG_ANALYZER_NONNULL = YES;
				CLANG_ANALYZER_NUMBER_OBJECT_CONVERSION = YES_AGGRESSIVE;
				CLANG_CXX_LANGUAGE_STANDARD = "gnu++20";
				CLANG_ENABLE_MODULES = YES;
				CLANG_ENABLE_OBJC_ARC = YES;
				CLANG_ENABLE_OBJC_WEAK = YES;
				CLANG_WARN_BLOCK_CAPTURE_AUTORELEASING = YES;
				CLANG_WARN_BOOL_CONVERSION = YES;
				CLANG_WARN_COMMA = YES;
				CLANG_WARN_CONSTANT_CONVERSION = YES;
				CLANG_WARN_DEPRECATED_OBJC_IMPLEMENTATIONS = YES;
				CLANG_WARN_DIRECT_OBJC_ISA_USAGE = YES_ERROR;
				CLANG_WARN_DOCUMENTATION_COMMENTS = YES;
				CLANG_WARN_EMPTY_BODY = YES;
				CLANG_WARN_ENUM_CONVERSION = YES;
				CLANG_WARN_INFINITE_RECURSION = YES;
				CLANG_WARN_INT_CONVERSION = YES;
				CLANG_WARN_NON_LITERAL_NULL_CONVERSION = YES;
				CLANG_WARN_OBJC_IMPLICIT_RETAIN_SELF = YES;
				CLANG_WARN_OBJC_LITERAL_CONVERSION = YES;
				CLANG_WARN_OBJC_ROOT_CLASS = YES_ERROR;
				CLANG_WARN_QUOTED_INCLUDE_IN_FRAMEWORK_HEADER = YES;
				CLANG_WARN_RANGE_LOOP_ANALYSIS = YES;
				CLANG_WARN_STRICT_PROTOTYPES = YES;
				CLANG_WARN_SUSPICIOUS_MOVE = YES;
				CLANG_WARN_UNGUARDED_AVAILABILITY = YES_AGGRESSIVE;
				CLANG_WARN_UNREACHABLE_CODE = YES;
				CLANG_WARN__DUPLICATE_METHOD_MATCH = YES;
				COPY_PHASE_STRIP = NO;
				DEBUG_INFORMATION_FORMAT = dwarf;
				ENABLE_STRICT_OBJC_MSGSEND = YES;
				ENABLE_TESTABILITY = YES;
				ENABLE_USER_SCRIPT_SANDBOXING = YES;
				GCC_C_LANGUAGE_STANDARD = gnu17;
				GCC_DYNAMIC_NO_PIC = NO;
				GCC_NO_COMMON_BLOCKS = YES;
				GCC_OPTIMIZATION_LEVEL = 0;
				GCC_PREPROCESSOR_DEFINITIONS = (
					"DEBUG=1",
					"$(inherited)",
				);
				GCC_WARN_64_TO_32_BIT_CONVERSION = YES;
				GCC_WARN_ABOUT_RETURN_TYPE = YES_ERROR;
				GCC_WARN_UNDECLARED_SELECTOR = YES;
				GCC_WARN_UNINITIALIZED_AUTOS = YES_AGGRESSIVE;
				GCC_WARN_UNUSED_FUNCTION = YES;
				GCC_WARN_UNUSED_VARIABLE = YES;
				IPHONEOS_DEPLOYMENT_TARGET = 18.2;
				LOCALIZATION_PREFERS_STRING_CATALOGS = YES;
				MTL_ENABLE_DEBUG_INFO = INCLUDE_SOURCE;
				MTL_FAST_MATH = YES;
				ONLY_ACTIVE_ARCH = YES;
				SDKROOT = iphoneos;
				SWIFT_ACTIVE_COMPILATION_CONDITIONS = "DEBUG $(inherited)";
				SWIFT_OPTIMIZATION_LEVEL = "-Onone";
			};
			name = Debug;
		};
		C46EDF352DA5A8BC00FFF394 /* Release */ = {
			isa = XCBuildConfiguration;
			buildSettings = {
				ALWAYS_SEARCH_USER_PATHS = NO;
				ASSETCATALOG_COMPILER_GENERATE_SWIFT_ASSET_SYMBOL_EXTENSIONS = YES;
				CLANG_ANALYZER_NONNULL = YES;
				CLANG_ANALYZER_NUMBER_OBJECT_CONVERSION = YES_AGGRESSIVE;
				CLANG_CXX_LANGUAGE_STANDARD = "gnu++20";
				CLANG_ENABLE_MODULES = YES;
				CLANG_ENABLE_OBJC_ARC = YES;
				CLANG_ENABLE_OBJC_WEAK = YES;
				CLANG_WARN_BLOCK_CAPTURE_AUTORELEASING = YES;
				CLANG_WARN_BOOL_CONVERSION = YES;
				CLANG_WARN_COMMA = YES;
				CLANG_WARN_CONSTANT_CONVERSION = YES;
				CLANG_WARN_DEPRECATED_OBJC_IMPLEMENTATIONS = YES;
				CLANG_WARN_DIRECT_OBJC_ISA_USAGE = YES_ERROR;
				CLANG_WARN_DOCUMENTATION_COMMENTS = YES;
				CLANG_WARN_EMPTY_BODY = YES;
				CLANG_WARN_ENUM_CONVERSION = YES;
				CLANG_WARN_INFINITE_RECURSION = YES;
				CLANG_WARN_INT_CONVERSION = YES;
				CLANG_WARN_NON_LITERAL_NULL_CONVERSION = YES;
				CLANG_WARN_OBJC_IMPLICIT_RETAIN_SELF = YES;
				CLANG_WARN_OBJC_LITERAL_CONVERSION = YES;
				CLANG_WARN_OBJC_ROOT_CLASS = YES_ERROR;
				CLANG_WARN_QUOTED_INCLUDE_IN_FRAMEWORK_HEADER = YES;
				CLANG_WARN_RANGE_LOOP_ANALYSIS = YES;
				CLANG_WARN_STRICT_PROTOTYPES = YES;
				CLANG_WARN_SUSPICIOUS_MOVE = YES;
				CLANG_WARN_UNGUARDED_AVAILABILITY = YES_AGGRESSIVE;
				CLANG_WARN_UNREACHABLE_CODE = YES;
				CLANG_WARN__DUPLICATE_METHOD_MATCH = YES;
				COPY_PHASE_STRIP = NO;
				DEBUG_INFORMATION_FORMAT = "dwarf-with-dsym";
				ENABLE_NS_ASSERTIONS = NO;
				ENABLE_STRICT_OBJC_MSGSEND = YES;
				ENABLE_USER_SCRIPT_SANDBOXING = YES;
				GCC_C_LANGUAGE_STANDARD = gnu17;
				GCC_NO_COMMON_BLOCKS = YES;
				GCC_WARN_64_TO_32_BIT_CONVERSION = YES;
				GCC_WARN_ABOUT_RETURN_TYPE = YES_ERROR;
				GCC_WARN_UNDECLARED_SELECTOR = YES;
				GCC_WARN_UNINITIALIZED_AUTOS = YES_AGGRESSIVE;
				GCC_WARN_UNUSED_FUNCTION = YES;
				GCC_WARN_UNUSED_VARIABLE = YES;
				IPHONEOS_DEPLOYMENT_TARGET = 18.2;
				LOCALIZATION_PREFERS_STRING_CATALOGS = YES;
				MTL_ENABLE_DEBUG_INFO = NO;
				MTL_FAST_MATH = YES;
				SDKROOT = iphoneos;
				SWIFT_COMPILATION_MODE = wholemodule;
				VALIDATE_PRODUCT = YES;
			};
			name = Release;
		};
		C46EDF372DA5A8BC00FFF394 /* Debug */ = {
			isa = XCBuildConfiguration;
			buildSettings = {
				BUNDLE_LOADER = "$(TEST_HOST)";
				CODE_SIGN_STYLE = Automatic;
				CURRENT_PROJECT_VERSION = 1;
				GENERATE_INFOPLIST_FILE = YES;
				IPHONEOS_DEPLOYMENT_TARGET = 18.2;
				MARKETING_VERSION = 1.0;
				PRODUCT_BUNDLE_IDENTIFIER = "kkathir1.HW-1Tests";
				PRODUCT_NAME = "$(TARGET_NAME)";
				SWIFT_EMIT_LOC_STRINGS = NO;
				SWIFT_VERSION = 5.0;
				TARGETED_DEVICE_FAMILY = "1,2";
				TEST_HOST = "$(BUILT_PRODUCTS_DIR)/HW_1.app/$(BUNDLE_EXECUTABLE_FOLDER_PATH)/HW_1";
			};
			name = Debug;
		};
		C46EDF382DA5A8BC00FFF394 /* Release */ = {
			isa = XCBuildConfiguration;
			buildSettings = {
				BUNDLE_LOADER = "$(TEST_HOST)";
				CODE_SIGN_STYLE = Automatic;
				CURRENT_PROJECT_VERSION = 1;
				GENERATE_INFOPLIST_FILE = YES;
				IPHONEOS_DEPLOYMENT_TARGET = 18.2;
				MARKETING_VERSION = 1.0;
				PRODUCT_BUNDLE_IDENTIFIER = "kkathir1.HW-1Tests";
				PRODUCT_NAME = "$(TARGET_NAME)";
				SWIFT_EMIT_LOC_STRINGS = NO;
				SWIFT_VERSION = 5.0;
				TARGETED_DEVICE_FAMILY = "1,2";
				TEST_HOST = "$(BUILT_PRODUCTS_DIR)/HW_1.app/$(BUNDLE_EXECUTABLE_FOLDER_PATH)/HW_1";
			};
			name = Release;
		};
		C46EDF3A2DA5A8BC00FFF394 /* Debug */ = {
			isa = XCBuildConfiguration;
			buildSettings = {
				CODE_SIGN_STYLE = Automatic;
				CURRENT_PROJECT_VERSION = 1;
				GENERATE_INFOPLIST_FILE = YES;
				MARKETING_VERSION = 1.0;
				PRODUCT_BUNDLE_IDENTIFIER = "kkathir1.HW-1UITests";
				PRODUCT_NAME = "$(TARGET_NAME)";
				SWIFT_EMIT_LOC_STRINGS = NO;
				SWIFT_VERSION = 5.0;
				TARGETED_DEVICE_FAMILY = "1,2";
				TEST_TARGET_NAME = HW_1;
			};
			name = Debug;
		};
		C46EDF3B2DA5A8BC00FFF394 /* Release */ = {
			isa = XCBuildConfiguration;
			buildSettings = {
				CODE_SIGN_STYLE = Automatic;
				CURRENT_PROJECT_VERSION = 1;
				GENERATE_INFOPLIST_FILE = YES;
				MARKETING_VERSION = 1.0;
				PRODUCT_BUNDLE_IDENTIFIER = "kkathir1.HW-1UITests";
				PRODUCT_NAME = "$(TARGET_NAME)";
				SWIFT_EMIT_LOC_STRINGS = NO;
				SWIFT_VERSION = 5.0;
				TARGETED_DEVICE_FAMILY = "1,2";
				TEST_TARGET_NAME = HW_1;
			};
			name = Release;
		};
/* End XCBuildConfiguration section */

/* Begin XCConfigurationList section */
		C46EDF032DA5A8B700FFF394 /* Build configuration list for PBXProject "HW_1" */ = {
			isa = XCConfigurationList;
			buildConfigurations = (
				C46EDF342DA5A8BC00FFF394 /* Debug */,
				C46EDF352DA5A8BC00FFF394 /* Release */,
			);
			defaultConfigurationIsVisible = 0;
			defaultConfigurationName = Release;
		};
		C46EDF312DA5A8BC00FFF394 /* Build configuration list for PBXNativeTarget "HW_1" */ = {
			isa = XCConfigurationList;
			buildConfigurations = (
				C46EDF322DA5A8BC00FFF394 /* Debug */,
				C46EDF332DA5A8BC00FFF394 /* Release */,
			);
			defaultConfigurationIsVisible = 0;
			defaultConfigurationName = Release;
		};
		C46EDF362DA5A8BC00FFF394 /* Build configuration list for PBXNativeTarget "HW_1Tests" */ = {
			isa = XCConfigurationList;
			buildConfigurations = (
				C46EDF372DA5A8BC00FFF394 /* Debug */,
				C46EDF382DA5A8BC00FFF394 /* Release */,
			);
			defaultConfigurationIsVisible = 0;
			defaultConfigurationName = Release;
		};
		C46EDF392DA5A8BC00FFF394 /* Build configuration list for PBXNativeTarget "HW_1UITests" */ = {
			isa = XCConfigurationList;
			buildConfigurations = (
				C46EDF3A2DA5A8BC00FFF394 /* Debug */,
				C46EDF3B2DA5A8BC00FFF394 /* Release */,
			);
			defaultConfigurationIsVisible = 0;
			defaultConfigurationName = Release;
		};
/* End XCConfigurationList section */
	};
	rootObject = C46EDF002DA5A8B700FFF394 /* Project object */;
}
